
Microsoft Visual Studio Solution File, Format Version 12.00
# Visual Studio Version 16
VisualStudioVersion = 16.0.28803.352
MinimumVisualStudioVersion = 10.0.40219.1
Project("{FAE04EC0-301F-11D3-BF4B-00C04F79EFBC}") = "ArnoldClarkRPS", "ArnoldClarkRPS\ArnoldClarkRPS.csproj", "{80D94C88-BC72-497B-AAD1-60AB08460AAB}"
EndProject
Global
	GlobalSection(SolutionConfigurationPlatforms) = preSolution
		Debug|Any CPU = Debug|Any CPU
		Release|Any CPU = Release|Any CPU
	EndGlobalSection
	GlobalSection(ProjectConfigurationPlatforms) = postSolution
		{80D94C88-BC72-497B-AAD1-60AB08460AAB}.Debug|Any CPU.ActiveCfg = Debug|Any CPU
		{80D94C88-BC72-497B-AAD1-60AB08460AAB}.Debug|Any CPU.Build.0 = Debug|Any CPU
		{80D94C88-BC72-497B-AAD1-60AB08460AAB}.Release|Any CPU.ActiveCfg = Release|Any CPU
		{80D94C88-BC72-497B-AAD1-60AB08460AAB}.Release|Any CPU.Build.0 = Release|Any CPU
	EndGlobalSection
	GlobalSection(SolutionProperties) = preSolution
		HideSolutionNode = FALSE
	EndGlobalSection
	GlobalSection(ExtensibilityGlobals) = postSolution
		SolutionGuid = {3216DA30-9F7F-4B4E-BF68-2F9352734F8A}
	EndGlobalSection
EndGlobal
